
Microsoft Visual Studio Solution File, Format Version 12.00
# Visual Studio Version 17
VisualStudioVersion = 17.0.31903.59
MinimumVisualStudioVersion = 10.0.40219.1
Project("{FAE04EC0-301F-11D3-BF4B-00C04F79EFBC}") = "Aumbrye.Api", "src\Aumbrye.Api\Aumbrye.Api.csproj", "{A1111111-1111-1111-1111-111111111101}"
EndProject
Project("{FAE04EC0-301F-11D3-BF4B-00C04F79EFBC}") = "Aumbrye.Application", "src\Aumbrye.Application\Aumbrye.Application.csproj", "{A1111111-1111-1111-1111-111111111102}"
EndProject
Project("{FAE04EC0-301F-11D3-BF4B-00C04F79EFBC}") = "Aumbrye.Domain", "src\Aumbrye.Domain\Aumbrye.Domain.csproj", "{A1111111-1111-1111-1111-111111111103}"
EndProject
Project("{FAE04EC0-301F-11D3-BF4B-00C04F79EFBC}") = "Aumbrye.Infrastructure", "src\Aumbrye.Infrastructure\Aumbrye.Infrastructure.csproj", "{A1111111-1111-1111-1111-111111111104}"
EndProject
Project("{FAE04EC0-301F-11D3-BF4B-00C04F79EFBC}") = "Aumbrye.Shared", "..\..\packages\shared\Aumbrye.Shared.csproj", "{A1111111-1111-1111-1111-111111111107}"
EndProject
Project("{FAE04EC0-301F-11D3-BF4B-00C04F79EFBC}") = "Aumbrye.Procedural", "..\..\packages\procedural\Aumbrye.Procedural.csproj", "{A1111111-1111-1111-1111-111111111108}"
EndProject
Project("{2150E333-8FDC-42A3-9474-1A3956D46DE8}") = "tests", "tests", "{0AB3BF05-4346-4AA6-1389-037BE0695223}"
EndProject
Project("{FAE04EC0-301F-11D3-BF4B-00C04F79EFBC}") = "Aumbrye.Application.Tests", "tests\Aumbrye.Application.Tests\Aumbrye.Application.Tests.csproj", "{8B305379-9FFC-4E8C-AC2F-48EF488FAD70}"
EndProject
Project("{2150E333-8FDC-42A3-9474-1A3956D46DE8}") = "src", "src", "{827E0CD3-B72D-47B6-A68D-7590B98EB39B}"
EndProject
Global
	GlobalSection(SolutionConfigurationPlatforms) = preSolution
		Debug|Any CPU = Debug|Any CPU
		Debug|x64 = Debug|x64
		Debug|x86 = Debug|x86
		Release|Any CPU = Release|Any CPU
		Release|x64 = Release|x64
		Release|x86 = Release|x86
	EndGlobalSection
	GlobalSection(ProjectConfigurationPlatforms) = postSolution
		{A1111111-1111-1111-1111-111111111101}.Debug|Any CPU.ActiveCfg = Debug|Any CPU
		{A1111111-1111-1111-1111-111111111101}.Debug|Any CPU.Build.0 = Debug|Any CPU
		{A1111111-1111-1111-1111-111111111101}.Debug|x64.ActiveCfg = Debug|Any CPU
		{A1111111-1111-1111-1111-111111111101}.Debug|x64.Build.0 = Debug|Any CPU
		{A1111111-1111-1111-1111-111111111101}.Debug|x86.ActiveCfg = Debug|Any CPU
		{A1111111-1111-1111-1111-111111111101}.Debug|x86.Build.0 = Debug|Any CPU
		{A1111111-1111-1111-1111-111111111101}.Release|Any CPU.ActiveCfg = Release|Any CPU
		{A1111111-1111-1111-1111-111111111101}.Release|Any CPU.Build.0 = Release|Any CPU
		{A1111111-1111-1111-1111-111111111101}.Release|x64.ActiveCfg = Release|Any CPU
		{A1111111-1111-1111-1111-111111111101}.Release|x64.Build.0 = Release|Any CPU
		{A1111111-1111-1111-1111-111111111101}.Release|x86.ActiveCfg = Release|Any CPU
		{A1111111-1111-1111-1111-111111111101}.Release|x86.Build.0 = Release|Any CPU
		{A1111111-1111-1111-1111-111111111102}.Debug|Any CPU.ActiveCfg = Debug|Any CPU
		{A1111111-1111-1111-1111-111111111102}.Debug|Any CPU.Build.0 = Debug|Any CPU
		{A1111111-1111-1111-1111-111111111102}.Debug|x64.ActiveCfg = Debug|Any CPU
		{A1111111-1111-1111-1111-111111111102}.Debug|x64.Build.0 = Debug|Any CPU
		{A1111111-1111-1111-1111-111111111102}.Debug|x86.ActiveCfg = Debug|Any CPU
		{A1111111-1111-1111-1111-111111111102}.Debug|x86.Build.0 = Debug|Any CPU
		{A1111111-1111-1111-1111-111111111102}.Release|Any CPU.ActiveCfg = Release|Any CPU
		{A1111111-1111-1111-1111-111111111102}.Release|Any CPU.Build.0 = Release|Any CPU
		{A1111111-1111-1111-1111-111111111102}.Release|x64.ActiveCfg = Release|Any CPU
		{A1111111-1111-1111-1111-111111111102}.Release|x64.Build.0 = Release|Any CPU
		{A1111111-1111-1111-1111-111111111102}.Release|x86.ActiveCfg = Release|Any CPU
		{A1111111-1111-1111-1111-111111111102}.Release|x86.Build.0 = Release|Any CPU
		{A1111111-1111-1111-1111-111111111103}.Debug|Any CPU.ActiveCfg = Debug|Any CPU
		{A1111111-1111-1111-1111-111111111103}.Debug|Any CPU.Build.0 = Debug|Any CPU
		{A1111111-1111-1111-1111-111111111103}.Debug|x64.ActiveCfg = Debug|Any CPU
		{A1111111-1111-1111-1111-111111111103}.Debug|x64.Build.0 = Debug|Any CPU
		{A1111111-1111-1111-1111-111111111103}.Debug|x86.ActiveCfg = Debug|Any CPU
		{A1111111-1111-1111-1111-111111111103}.Debug|x86.Build.0 = Debug|Any CPU
		{A1111111-1111-1111-1111-111111111103}.Release|Any CPU.ActiveCfg = Release|Any CPU
		{A1111111-1111-1111-1111-111111111103}.Release|Any CPU.Build.0 = Release|Any CPU
		{A1111111-1111-1111-1111-111111111103}.Release|x64.ActiveCfg = Release|Any CPU
		{A1111111-1111-1111-1111-111111111103}.Release|x64.Build.0 = Release|Any CPU
		{A1111111-1111-1111-1111-111111111103}.Release|x86.ActiveCfg = Release|Any CPU
		{A1111111-1111-1111-1111-111111111103}.Release|x86.Build.0 = Release|Any CPU
		{A1111111-1111-1111-1111-111111111104}.Debug|Any CPU.ActiveCfg = Debug|Any CPU
		{A1111111-1111-1111-1111-111111111104}.Debug|Any CPU.Build.0 = Debug|Any CPU
		{A1111111-1111-1111-1111-111111111104}.Debug|x64.ActiveCfg = Debug|Any CPU
		{A1111111-1111-1111-1111-111111111104}.Debug|x64.Build.0 = Debug|Any CPU
		{A1111111-1111-1111-1111-111111111104}.Debug|x86.ActiveCfg = Debug|Any CPU
		{A1111111-1111-1111-1111-111111111104}.Debug|x86.Build.0 = Debug|Any CPU
		{A1111111-1111-1111-1111-111111111104}.Release|Any CPU.ActiveCfg = Release|Any CPU
		{A1111111-1111-1111-1111-111111111104}.Release|Any CPU.Build.0 = Release|Any CPU
		{A1111111-1111-1111-1111-111111111104}.Release|x64.ActiveCfg = Release|Any CPU
		{A1111111-1111-1111-1111-111111111104}.Release|x64.Build.0 = Release|Any CPU
		{A1111111-1111-1111-1111-111111111104}.Release|x86.ActiveCfg = Release|Any CPU
		{A1111111-1111-1111-1111-111111111104}.Release|x86.Build.0 = Release|Any CPU
		{A1111111-1111-1111-1111-111111111107}.Debug|Any CPU.ActiveCfg = Debug|Any CPU
		{A1111111-1111-1111-1111-111111111107}.Debug|Any CPU.Build.0 = Debug|Any CPU
		{A1111111-1111-1111-1111-111111111107}.Debug|x64.ActiveCfg = Debug|Any CPU
		{A1111111-1111-1111-1111-111111111107}.Debug|x64.Build.0 = Debug|Any CPU
		{A1111111-1111-1111-1111-111111111107}.Debug|x86.ActiveCfg = Debug|Any CPU
		{A1111111-1111-1111-1111-111111111107}.Debug|x86.Build.0 = Debug|Any CPU
		{A1111111-1111-1111-1111-111111111107}.Release|Any CPU.ActiveCfg = Release|Any CPU
		{A1111111-1111-1111-1111-111111111107}.Release|Any CPU.Build.0 = Release|Any CPU
		{A1111111-1111-1111-1111-111111111107}.Release|x64.ActiveCfg = Release|Any CPU
		{A1111111-1111-1111-1111-111111111107}.Release|x64.Build.0 = Release|Any CPU
		{A1111111-1111-1111-1111-111111111107}.Release|x86.ActiveCfg = Release|Any CPU
		{A1111111-1111-1111-1111-111111111107}.Release|x86.Build.0 = Release|Any CPU
		{A1111111-1111-1111-1111-111111111108}.Debug|Any CPU.ActiveCfg = Debug|Any CPU
		{A1111111-1111-1111-1111-111111111108}.Debug|Any CPU.Build.0 = Debug|Any CPU
		{A1111111-1111-1111-1111-111111111108}.Debug|x64.ActiveCfg = Debug|Any CPU
		{A1111111-1111-1111-1111-111111111108}.Debug|x64.Build.0 = Debug|Any CPU
		{A1111111-1111-1111-1111-111111111108}.Debug|x86.ActiveCfg = Debug|Any CPU
		{A1111111-1111-1111-1111-111111111108}.Debug|x86.Build.0 = Debug|Any CPU
		{A1111111-1111-1111-1111-111111111108}.Release|Any CPU.ActiveCfg = Release|Any CPU
		{A1111111-1111-1111-1111-111111111108}.Release|Any CPU.Build.0 = Release|Any CPU
		{A1111111-1111-1111-1111-111111111108}.Release|x64.ActiveCfg = Release|Any CPU
		{A1111111-1111-1111-1111-111111111108}.Release|x64.Build.0 = Release|Any CPU
		{A1111111-1111-1111-1111-111111111108}.Release|x86.ActiveCfg = Release|Any CPU
		{A1111111-1111-1111-1111-111111111108}.Release|x86.Build.0 = Release|Any CPU
		{8B305379-9FFC-4E8C-AC2F-48EF488FAD70}.Debug|Any CPU.ActiveCfg = Debug|Any CPU
		{8B305379-9FFC-4E8C-AC2F-48EF488FAD70}.Debug|Any CPU.Build.0 = Debug|Any CPU
		{8B305379-9FFC-4E8C-AC2F-48EF488FAD70}.Debug|x64.ActiveCfg = Debug|Any CPU
		{8B305379-9FFC-4E8C-AC2F-48EF488FAD70}.Debug|x64.Build.0 = Debug|Any CPU
		{8B305379-9FFC-4E8C-AC2F-48EF488FAD70}.Debug|x86.ActiveCfg = Debug|Any CPU
		{8B305379-9FFC-4E8C-AC2F-48EF488FAD70}.Debug|x86.Build.0 = Debug|Any CPU
		{8B305379-9FFC-4E8C-AC2F-48EF488FAD70}.Release|Any CPU.ActiveCfg = Release|Any CPU
		{8B305379-9FFC-4E8C-AC2F-48EF488FAD70}.Release|Any CPU.Build.0 = Release|Any CPU
		{8B305379-9FFC-4E8C-AC2F-48EF488FAD70}.Release|x64.ActiveCfg = Release|Any CPU
		{8B305379-9FFC-4E8C-AC2F-48EF488FAD70}.Release|x64.Build.0 = Release|Any CPU
		{8B305379-9FFC-4E8C-AC2F-48EF488FAD70}.Release|x86.ActiveCfg = Release|Any CPU
		{8B305379-9FFC-4E8C-AC2F-48EF488FAD70}.Release|x86.Build.0 = Release|Any CPU
	EndGlobalSection
	GlobalSection(SolutionProperties) = preSolution
		HideSolutionNode = FALSE
	EndGlobalSection
	GlobalSection(NestedProjects) = preSolution
		{8B305379-9FFC-4E8C-AC2F-48EF488FAD70} = {0AB3BF05-4346-4AA6-1389-037BE0695223}
	EndGlobalSection
EndGlobal
